{
  "name": "synchronized-pong-3d",
  "version": "0.0.0",
  "lockfileVersion": 1,
  "requires": true,
  "dependencies": {
    "@akolos/ts-client-server-game-synchronization": {
      "version": "0.1.3",
      "resolved": "https://registry.npmjs.org/@akolos/ts-client-server-game-synchronization/-/ts-client-server-game-synchronization-0.1.3.tgz",
      "integrity": "sha512-yfX9iMkMs0GTxTqoRJKl/uOQlji53oK9sUhghaL4NyhewQSBu5d9F77ycqaN5QEG2U0ECAWDXZcJdPQIx3NwXw==",
      "requires": {
        "eventemitter3": "^3.1.2",
        "keyboardjs": "^2.5.1",
        "queue-typescript": "^1.0.1",
        "strict-event-emitter-types": "^2.0.0"
      }
    },
    "@types/node": {
      "version": "12.0.2",
      "resolved": "https://registry.npmjs.org/@types/node/-/node-12.0.2.tgz",
      "integrity": "sha512-5tabW/i+9mhrfEOUcLDu2xBPsHJ+X5Orqy9FKpale3SjDA17j5AEpYq5vfy3oAeAHGcvANRCO3NV3d2D6q3NiA=="
    },
    "@types/three": {
      "version": "0.103.2",
      "resolved": "https://registry.npmjs.org/@types/three/-/three-0.103.2.tgz",
      "integrity": "sha512-zhtf0Qs5wLJpIn1+VWCpzSgpKayj/GSWZ6woiuz09FW59KEDeLpnBkYz6lbblVpRmGdlnG8nd0unaASshOvcXw==",
      "requires": {
        "three": "*"
      }
    },
    "eventemitter3": {
      "version": "3.1.2",
      "resolved": "https://registry.npmjs.org/eventemitter3/-/eventemitter3-3.1.2.tgz",
      "integrity": "sha512-tvtQIeLVHjDkJYnzf2dgVMxfuSGJeM/7UCG17TT4EumTfNtF+0nebF/4zWOIkCreAbtNqhGEboB6BWrwqNaw4Q=="
    },
    "keyboardjs": {
      "version": "2.5.1",
      "resolved": "https://registry.npmjs.org/keyboardjs/-/keyboardjs-2.5.1.tgz",
      "integrity": "sha512-mRf7MQMiFcudADEpPn3vTtl/rtFELo5MAiKA6yH4ShsFsnwwjMrVfaNt6bpYhBDeODs/T5NXwltz4+ktRQyP7A=="
    },
    "linked-list-typescript": {
      "version": "1.0.15",
      "resolved": "https://registry.npmjs.org/linked-list-typescript/-/linked-list-typescript-1.0.15.tgz",
      "integrity": "sha512-RIyUu9lnJIyIaMe63O7/aFv/T2v3KsMFuXMBbUQCHX+cgtGro86ETDj5ed0a8gQL2+DFjzYYsgVG4I36/cUwgw=="
    },
    "queue-typescript": {
      "version": "1.0.1",
      "resolved": "https://registry.npmjs.org/queue-typescript/-/queue-typescript-1.0.1.tgz",
      "integrity": "sha512-tkK08uPfmpPl0cX1WRSU3EoNb/T5zSoZPGkkpfGX4E8QayWvEmLS2cI3pFngNPkNTCU5pCDQ1IwlzN0L5gdFPg==",
      "requires": {
        "linked-list-typescript": "^1.0.11"
      }
    },
    "strict-event-emitter-types": {
      "version": "2.0.0",
      "resolved": "https://registry.npmjs.org/strict-event-emitter-types/-/strict-event-emitter-types-2.0.0.tgz",
      "integrity": "sha512-Nk/brWYpD85WlOgzw5h173aci0Teyv8YdIAEtV+N88nDB0dLlazZyJMIsN6eo1/AR61l+p6CJTG1JIyFaoNEEA=="
    },
    "three": {
      "version": "0.104.0",
      "resolved": "https://registry.npmjs.org/three/-/three-0.104.0.tgz",
      "integrity": "sha512-q617IMBC5k40U2E9UC4/LtmhzTOOLB1jGMIooUL+QrhZ7abiGCSDrKrpCDt9V8RTl6xw+0FYfA1PYsIPKbQOgg=="
    },
    "typescript": {
      "version": "3.4.5",
      "resolved": "https://registry.npmjs.org/typescript/-/typescript-3.4.5.tgz",
      "integrity": "sha512-YycBxUb49UUhdNMU5aJ7z5Ej2XGmaIBL0x34vZ82fn3hGvD+bgrMrVDpatgz2f7YxUMJxMkbWxJZeAvDxVe7Vw=="
    }
  }
}
